
Microsoft Visual Studio Solution File, Format Version 12.00
# Visual Studio Version 17
VisualStudioVersion = 17.13.35806.99 d17.13
MinimumVisualStudioVersion = 10.0.40219.1
Project("{FAE04EC0-301F-11D3-BF4B-00C04F79EFBC}") = "Reminder", "Reminder\Reminder.csproj", "{F8A885F3-9666-4E77-9B9D-F0F867269731}"
EndProject
Global
	GlobalSection(SolutionConfigurationPlatforms) = preSolution
		Debug|Any CPU = Debug|Any CPU
		Release|Any CPU = Release|Any CPU
	EndGlobalSection
	GlobalSection(ProjectConfigurationPlatforms) = postSolution
		{F8A885F3-9666-4E77-9B9D-F0F867269731}.Debug|Any CPU.ActiveCfg = Debug|Any CPU
		{F8A885F3-9666-4E77-9B9D-F0F867269731}.Debug|Any CPU.Build.0 = Debug|Any CPU
		{F8A885F3-9666-4E77-9B9D-F0F867269731}.Release|Any CPU.ActiveCfg = Release|Any CPU
		{F8A885F3-9666-4E77-9B9D-F0F867269731}.Release|Any CPU.Build.0 = Release|Any CPU
	EndGlobalSection
	GlobalSection(SolutionProperties) = preSolution
		HideSolutionNode = FALSE
	EndGlobalSection
	GlobalSection(ExtensibilityGlobals) = postSolution
		SolutionGuid = {EC585595-5569-4B15-85F2-BA7A7B9BE264}
	EndGlobalSection
EndGlobal
